// !$*UTF8*$!
{
	archiveVersion = 1;
	classes = {
	};
	objectVersion = 50;
	objects = {

/* Begin PBXBuildFile section */
		926B15A62240FFA2D798F438 /* Pods_FirmField.framework in Frameworks */ = {isa = PBXBuildFile; fileRef = B446067E7931D7AA155899E8 /* Pods_FirmField.framework */; };
		EAFB71FA21706FA600342C13 /* Protocols.swift in Sources */ = {isa = PBXBuildFile; fileRef = EAFB71F921706FA600342C13 /* Protocols.swift */; };
		EAFB71FD2170761500342C13 /* FirmModels.xcdatamodeld in Sources */ = {isa = PBXBuildFile; fileRef = EAFB71FB2170761500342C13 /* FirmModels.xcdatamodeld */; };
		EAFB71FF21707F8C00342C13 /* CoreDataManager.swift in Sources */ = {isa = PBXBuildFile; fileRef = EAFB71FE21707F8C00342C13 /* CoreDataManager.swift */; };
		EAFB72012174179600342C13 /* CompanyCell.swift in Sources */ = {isa = PBXBuildFile; fileRef = EAFB72002174179600342C13 /* CompanyCell.swift */; };
		EAFB720421741F2900342C13 /* CompaniesController+CreateCompany.swift in Sources */ = {isa = PBXBuildFile; fileRef = EAFB720321741F2900342C13 /* CompaniesController+CreateCompany.swift */; };
		EAFB720621741FDA00342C13 /* CompaniesController+UITableView.swift in Sources */ = {isa = PBXBuildFile; fileRef = EAFB720521741FDA00342C13 /* CompaniesController+UITableView.swift */; };
		EAFB72082175633600342C13 /* EmployeesController.swift in Sources */ = {isa = PBXBuildFile; fileRef = EAFB72072175633600342C13 /* EmployeesController.swift */; };
		EAFB720A21757CC700342C13 /* CreateEmployeeController.swift in Sources */ = {isa = PBXBuildFile; fileRef = EAFB720921757CC700342C13 /* CreateEmployeeController.swift */; };
		EAFB720C21758E7300342C13 /* EmployeesController+UITableView.swift in Sources */ = {isa = PBXBuildFile; fileRef = EAFB720B21758E7300342C13 /* EmployeesController+UITableView.swift */; };
		EAFB95D5217031C600D551D8 /* AppDelegate.swift in Sources */ = {isa = PBXBuildFile; fileRef = EAFB95D4217031C600D551D8 /* AppDelegate.swift */; };
		EAFB95D7217031C600D551D8 /* CompaniesController.swift in Sources */ = {isa = PBXBuildFile; fileRef = EAFB95D6217031C600D551D8 /* CompaniesController.swift */; };
		EAFB95DA217031C600D551D8 /* Main.storyboard in Resources */ = {isa = PBXBuildFile; fileRef = EAFB95D8217031C600D551D8 /* Main.storyboard */; };
		EAFB95DC217031C700D551D8 /* Assets.xcassets in Resources */ = {isa = PBXBuildFile; fileRef = EAFB95DB217031C700D551D8 /* Assets.xcassets */; };
		EAFB95DF217031C700D551D8 /* LaunchScreen.storyboard in Resources */ = {isa = PBXBuildFile; fileRef = EAFB95DD217031C700D551D8 /* LaunchScreen.storyboard */; };
		EAFB95E821703EF300D551D8 /* Extensions.swift in Sources */ = {isa = PBXBuildFile; fileRef = EAFB95E721703EF300D551D8 /* Extensions.swift */; };
		EAFB95EB21704F4200D551D8 /* ModelNames.swift in Sources */ = {isa = PBXBuildFile; fileRef = EAFB95EA21704F4200D551D8 /* ModelNames.swift */; };
		EAFB95EE2170526100D551D8 /* CreateCompanyController.swift in Sources */ = {isa = PBXBuildFile; fileRef = EAFB95ED2170526100D551D8 /* CreateCompanyController.swift */; };
/* End PBXBuildFile section */

/* Begin PBXFileReference section */
		21343A50AA4CE58ACEC0BC14 /* Pods-FirmField.debug.xcconfig */ = {isa = PBXFileReference; includeInIndex = 1; lastKnownFileType = text.xcconfig; name = "Pods-FirmField.debug.xcconfig"; path = "Pods/Target Support Files/Pods-FirmField/Pods-FirmField.debug.xcconfig"; sourceTree = "<group>"; };
		238C696B04D4D2F27E7FDC64 /* Pods-FirmField.release.xcconfig */ = {isa = PBXFileReference; includeInIndex = 1; lastKnownFileType = text.xcconfig; name = "Pods-FirmField.release.xcconfig"; path = "Pods/Target Support Files/Pods-FirmField/Pods-FirmField.release.xcconfig"; sourceTree = "<group>"; };
		B446067E7931D7AA155899E8 /* Pods_FirmField.framework */ = {isa = PBXFileReference; explicitFileType = wrapper.framework; includeInIndex = 0; path = Pods_FirmField.framework; sourceTree = BUILT_PRODUCTS_DIR; };
		EAFB71F921706FA600342C13 /* Protocols.swift */ = {isa = PBXFileReference; lastKnownFileType = sourcecode.swift; path = Protocols.swift; sourceTree = "<group>"; };
		EAFB71FC2170761500342C13 /* FirmModels.xcdatamodel */ = {isa = PBXFileReference; lastKnownFileType = wrapper.xcdatamodel; path = FirmModels.xcdatamodel; sourceTree = "<group>"; };
		EAFB71FE21707F8C00342C13 /* CoreDataManager.swift */ = {isa = PBXFileReference; lastKnownFileType = sourcecode.swift; path = CoreDataManager.swift; sourceTree = "<group>"; };
		EAFB72002174179600342C13 /* CompanyCell.swift */ = {isa = PBXFileReference; lastKnownFileType = sourcecode.swift; path = CompanyCell.swift; sourceTree = "<group>"; };
		EAFB720321741F2900342C13 /* CompaniesController+CreateCompany.swift */ = {isa = PBXFileReference; lastKnownFileType = sourcecode.swift; path = "CompaniesController+CreateCompany.swift"; sourceTree = "<group>"; };
		EAFB720521741FDA00342C13 /* CompaniesController+UITableView.swift */ = {isa = PBXFileReference; lastKnownFileType = sourcecode.swift; path = "CompaniesController+UITableView.swift"; sourceTree = "<group>"; };
		EAFB72072175633600342C13 /* EmployeesController.swift */ = {isa = PBXFileReference; lastKnownFileType = sourcecode.swift; path = EmployeesController.swift; sourceTree = "<group>"; };
		EAFB720921757CC700342C13 /* CreateEmployeeController.swift */ = {isa = PBXFileReference; lastKnownFileType = sourcecode.swift; path = CreateEmployeeController.swift; sourceTree = "<group>"; };
		EAFB720B21758E7300342C13 /* EmployeesController+UITableView.swift */ = {isa = PBXFileReference; lastKnownFileType = sourcecode.swift; path = "EmployeesController+UITableView.swift"; sourceTree = "<group>"; };
		EAFB95D1217031C600D551D8 /* FirmField.app */ = {isa = PBXFileReference; explicitFileType = wrapper.application; includeInIndex = 0; path = FirmField.app; sourceTree = BUILT_PRODUCTS_DIR; };
		EAFB95D4217031C600D551D8 /* AppDelegate.swift */ = {isa = PBXFileReference; lastKnownFileType = sourcecode.swift; path = AppDelegate.swift; sourceTree = "<group>"; };
		EAFB95D6217031C600D551D8 /* CompaniesController.swift */ = {isa = PBXFileReference; lastKnownFileType = sourcecode.swift; path = CompaniesController.swift; sourceTree = "<group>"; };
		EAFB95D9217031C600D551D8 /* Base */ = {isa = PBXFileReference; lastKnownFileType = file.storyboard; name = Base; path = Base.lproj/Main.storyboard; sourceTree = "<group>"; };
		EAFB95DB217031C700D551D8 /* Assets.xcassets */ = {isa = PBXFileReference; lastKnownFileType = folder.assetcatalog; path = Assets.xcassets; sourceTree = "<group>"; };
		EAFB95DE217031C700D551D8 /* Base */ = {isa = PBXFileReference; lastKnownFileType = file.storyboard; name = Base; path = Base.lproj/LaunchScreen.storyboard; sourceTree = "<group>"; };
		EAFB95E0217031C700D551D8 /* Info.plist */ = {isa = PBXFileReference; lastKnownFileType = text.plist.xml; path = Info.plist; sourceTree = "<group>"; };
		EAFB95E721703EF300D551D8 /* Extensions.swift */ = {isa = PBXFileReference; lastKnownFileType = sourcecode.swift; path = Extensions.swift; sourceTree = "<group>"; };
		EAFB95EA21704F4200D551D8 /* ModelNames.swift */ = {isa = PBXFileReference; lastKnownFileType = sourcecode.swift; path = ModelNames.swift; sourceTree = "<group>"; };
		EAFB95ED2170526100D551D8 /* CreateCompanyController.swift */ = {isa = PBXFileReference; lastKnownFileType = sourcecode.swift; path = CreateCompanyController.swift; sourceTree = "<group>"; };
/* End PBXFileReference section */

/* Begin PBXFrameworksBuildPhase section */
		EAFB95CE217031C600D551D8 /* Frameworks */ = {
			isa = PBXFrameworksBuildPhase;
			buildActionMask = 2147483647;
			files = (
				926B15A62240FFA2D798F438 /* Pods_FirmField.framework in Frameworks */,
			);
			runOnlyForDeploymentPostprocessing = 0;
		};
/* End PBXFrameworksBuildPhase section */

/* Begin PBXGroup section */
		3BA54E259CE4430889144CC7 /* Frameworks */ = {
			isa = PBXGroup;
			children = (
				B446067E7931D7AA155899E8 /* Pods_FirmField.framework */,
			);
			name = Frameworks;
			sourceTree = "<group>";
		};
		EAFB7202217418FE00342C13 /* View */ = {
			isa = PBXGroup;
			children = (
				EAFB72002174179600342C13 /* CompanyCell.swift */,
			);
			path = View;
			sourceTree = "<group>";
		};
		EAFB720D2175959600342C13 /* Employees */ = {
			isa = PBXGroup;
			children = (
				EAFB72072175633600342C13 /* EmployeesController.swift */,
				EAFB720921757CC700342C13 /* CreateEmployeeController.swift */,
				EAFB720B21758E7300342C13 /* EmployeesController+UITableView.swift */,
			);
			path = Employees;
			sourceTree = "<group>";
		};
		EAFB720E217595B500342C13 /* Companies */ = {
			isa = PBXGroup;
			children = (
				EAFB95D6217031C600D551D8 /* CompaniesController.swift */,
				EAFB95ED2170526100D551D8 /* CreateCompanyController.swift */,
				EAFB720321741F2900342C13 /* CompaniesController+CreateCompany.swift */,
				EAFB720521741FDA00342C13 /* CompaniesController+UITableView.swift */,
			);
			path = Companies;
			sourceTree = "<group>";
		};
		EAFB95C8217031C600D551D8 = {
			isa = PBXGroup;
			children = (
				EAFB95D3217031C600D551D8 /* FirmField */,
				EAFB95D2217031C600D551D8 /* Products */,
				FB52CCCBBF5AE636F2CCB484 /* Pods */,
				3BA54E259CE4430889144CC7 /* Frameworks */,
			);
			sourceTree = "<group>";
		};
		EAFB95D2217031C600D551D8 /* Products */ = {
			isa = PBXGroup;
			children = (
				EAFB95D1217031C600D551D8 /* FirmField.app */,
			);
			name = Products;
			sourceTree = "<group>";
		};
		EAFB95D3217031C600D551D8 /* FirmField */ = {
			isa = PBXGroup;
			children = (
				EAFB7202217418FE00342C13 /* View */,
				EAFB95EC21704F4D00D551D8 /* Controller */,
				EAFB95E921704F3300D551D8 /* Model */,
				EAFB95E621703EDB00D551D8 /* Utils */,
				EAFB95D4217031C600D551D8 /* AppDelegate.swift */,
				EAFB95D8217031C600D551D8 /* Main.storyboard */,
				EAFB95DB217031C700D551D8 /* Assets.xcassets */,
				EAFB95DD217031C700D551D8 /* LaunchScreen.storyboard */,
				EAFB95E0217031C700D551D8 /* Info.plist */,
			);
			path = FirmField;
			sourceTree = "<group>";
		};
		EAFB95E621703EDB00D551D8 /* Utils */ = {
			isa = PBXGroup;
			children = (
				EAFB95E721703EF300D551D8 /* Extensions.swift */,
				EAFB71F921706FA600342C13 /* Protocols.swift */,
			);
			path = Utils;
			sourceTree = "<group>";
		};
		EAFB95E921704F3300D551D8 /* Model */ = {
			isa = PBXGroup;
			children = (
				EAFB71FE21707F8C00342C13 /* CoreDataManager.swift */,
				EAFB71FB2170761500342C13 /* FirmModels.xcdatamodeld */,
				EAFB95EA21704F4200D551D8 /* ModelNames.swift */,
			);
			path = Model;
			sourceTree = "<group>";
		};
		EAFB95EC21704F4D00D551D8 /* Controller */ = {
			isa = PBXGroup;
			children = (
				EAFB720E217595B500342C13 /* Companies */,
				EAFB720D2175959600342C13 /* Employees */,
			);
			path = Controller;
			sourceTree = "<group>";
		};
		FB52CCCBBF5AE636F2CCB484 /* Pods */ = {
			isa = PBXGroup;
			children = (
				21343A50AA4CE58ACEC0BC14 /* Pods-FirmField.debug.xcconfig */,
				238C696B04D4D2F27E7FDC64 /* Pods-FirmField.release.xcconfig */,
			);
			name = Pods;
			sourceTree = "<group>";
		};
/* End PBXGroup section */

/* Begin PBXNativeTarget section */
		EAFB95D0217031C600D551D8 /* FirmField */ = {
			isa = PBXNativeTarget;
			buildConfigurationList = EAFB95E3217031C700D551D8 /* Build configuration list for PBXNativeTarget "FirmField" */;
			buildPhases = (
				B20C2609F169158ADEBDF566 /* [CP] Check Pods Manifest.lock */,
				EAFB95CD217031C600D551D8 /* Sources */,
				EAFB95CE217031C600D551D8 /* Frameworks */,
				EAFB95CF217031C600D551D8 /* Resources */,
			);
			buildRules = (
			);
			dependencies = (
			);
			name = FirmField;
			productName = FirmField;
			productReference = EAFB95D1217031C600D551D8 /* FirmField.app */;
			productType = "com.apple.product-type.application";
		};
/* End PBXNativeTarget section */

/* Begin PBXProject section */
		EAFB95C9217031C600D551D8 /* Project object */ = {
			isa = PBXProject;
			attributes = {
				LastSwiftUpdateCheck = 1000;
				LastUpgradeCheck = 1000;
				ORGANIZATIONNAME = "Renrui Liu";
				TargetAttributes = {
					EAFB95D0217031C600D551D8 = {
						CreatedOnToolsVersion = 10.0;
					};
				};
			};
			buildConfigurationList = EAFB95CC217031C600D551D8 /* Build configuration list for PBXProject "FirmField" */;
			compatibilityVersion = "Xcode 9.3";
			developmentRegion = en;
			hasScannedForEncodings = 0;
			knownRegions = (
				en,
				Base,
			);
			mainGroup = EAFB95C8217031C600D551D8;
			productRefGroup = EAFB95D2217031C600D551D8 /* Products */;
			projectDirPath = "";
			projectRoot = "";
			targets = (
				EAFB95D0217031C600D551D8 /* FirmField */,
			);
		};
/* End PBXProject section */

/* Begin PBXResourcesBuildPhase section */
		EAFB95CF217031C600D551D8 /* Resources */ = {
			isa = PBXResourcesBuildPhase;
			buildActionMask = 2147483647;
			files = (
				EAFB95DF217031C700D551D8 /* LaunchScreen.storyboard in Resources */,
				EAFB95DC217031C700D551D8 /* Assets.xcassets in Resources */,
				EAFB95DA217031C600D551D8 /* Main.storyboard in Resources */,
			);
			runOnlyForDeploymentPostprocessing = 0;
		};
/* End PBXResourcesBuildPhase section */

/* Begin PBXShellScriptBuildPhase section */
		B20C2609F169158ADEBDF566 /* [CP] Check Pods Manifest.lock */ = {
			isa = PBXShellScriptBuildPhase;
			buildActionMask = 2147483647;
			files = (
			);
			inputFileListPaths = (
			);
			inputPaths = (
				"${PODS_PODFILE_DIR_PATH}/Podfile.lock",
				"${PODS_ROOT}/Manifest.lock",
			);
			name = "[CP] Check Pods Manifest.lock";
			outputFileListPaths = (
			);
			outputPaths = (
				"$(DERIVED_FILE_DIR)/Pods-FirmField-checkManifestLockResult.txt",
			);
			runOnlyForDeploymentPostprocessing = 0;
			shellPath = /bin/sh;
			shellScript = "diff \"${PODS_PODFILE_DIR_PATH}/Podfile.lock\" \"${PODS_ROOT}/Manifest.lock\" > /dev/null\nif [ $? != 0 ] ; then\n    # print error to STDERR\n    echo \"error: The sandbox is not in sync with the Podfile.lock. Run 'pod install' or update your CocoaPods installation.\" >&2\n    exit 1\nfi\n# This output is used by Xcode 'outputs' to avoid re-running this script phase.\necho \"SUCCESS\" > \"${SCRIPT_OUTPUT_FILE_0}\"\n";
			showEnvVarsInLog = 0;
		};
/* End PBXShellScriptBuildPhase section */

/* Begin PBXSourcesBuildPhase section */
		EAFB95CD217031C600D551D8 /* Sources */ = {
			isa = PBXSourcesBuildPhase;
			buildActionMask = 2147483647;
			files = (
				EAFB71FD2170761500342C13 /* FirmModels.xcdatamodeld in Sources */,
				EAFB720621741FDA00342C13 /* CompaniesController+UITableView.swift in Sources */,
				EAFB95D7217031C600D551D8 /* CompaniesController.swift in Sources */,
				EAFB720C21758E7300342C13 /* EmployeesController+UITableView.swift in Sources */,
				EAFB71FA21706FA600342C13 /* Protocols.swift in Sources */,
				EAFB95E821703EF300D551D8 /* Extensions.swift in Sources */,
				EAFB72012174179600342C13 /* CompanyCell.swift in Sources */,
				EAFB95EE2170526100D551D8 /* CreateCompanyController.swift in Sources */,
				EAFB720A21757CC700342C13 /* CreateEmployeeController.swift in Sources */,
				EAFB72082175633600342C13 /* EmployeesController.swift in Sources */,
				EAFB95D5217031C600D551D8 /* AppDelegate.swift in Sources */,
				EAFB71FF21707F8C00342C13 /* CoreDataManager.swift in Sources */,
				EAFB95EB21704F4200D551D8 /* ModelNames.swift in Sources */,
				EAFB720421741F2900342C13 /* CompaniesController+CreateCompany.swift in Sources */,
			);
			runOnlyForDeploymentPostprocessing = 0;
		};
/* End PBXSourcesBuildPhase section */

/* Begin PBXVariantGroup section */
		EAFB95D8217031C600D551D8 /* Main.storyboard */ = {
			isa = PBXVariantGroup;
			children = (
				EAFB95D9217031C600D551D8 /* Base */,
			);
			name = Main.storyboard;
			sourceTree = "<group>";
		};
		EAFB95DD217031C700D551D8 /* LaunchScreen.storyboard */ = {
			isa = PBXVariantGroup;
			children = (
				EAFB95DE217031C700D551D8 /* Base */,
			);
			name = LaunchScreen.storyboard;
			sourceTree = "<group>";
		};
/* End PBXVariantGroup section */

/* Begin XCBuildConfiguration section */
		EAFB95E1217031C700D551D8 /* Debug */ = {
			isa = XCBuildConfiguration;
			buildSettings = {
				ALWAYS_SEARCH_USER_PATHS = NO;
				CLANG_ANALYZER_NONNULL = YES;
				CLANG_ANALYZER_NUMBER_OBJECT_CONVERSION = YES_AGGRESSIVE;
				CLANG_CXX_LANGUAGE_STANDARD = "gnu++14";
				CLANG_CXX_LIBRARY = "libc++";
				CLANG_ENABLE_MODULES = YES;
				CLANG_ENABLE_OBJC_ARC = YES;
				CLANG_ENABLE_OBJC_WEAK = YES;
				CLANG_WARN_BLOCK_CAPTURE_AUTORELEASING = YES;
				CLANG_WARN_BOOL_CONVERSION = YES;
				CLANG_WARN_COMMA = YES;
				CLANG_WARN_CONSTANT_CONVERSION = YES;
				CLANG_WARN_DEPRECATED_OBJC_IMPLEMENTATIONS = YES;
				CLANG_WARN_DIRECT_OBJC_ISA_USAGE = YES_ERROR;
				CLANG_WARN_DOCUMENTATION_COMMENTS = YES;
				CLANG_WARN_EMPTY_BODY = YES;
				CLANG_WARN_ENUM_CONVERSION = YES;
				CLANG_WARN_INFINITE_RECURSION = YES;
				CLANG_WARN_INT_CONVERSION = YES;
				CLANG_WARN_NON_LITERAL_NULL_CONVERSION = YES;
				CLANG_WARN_OBJC_IMPLICIT_RETAIN_SELF = YES;
				CLANG_WARN_OBJC_LITERAL_CONVERSION = YES;
				CLANG_WARN_OBJC_ROOT_CLASS = YES_ERROR;
				CLANG_WARN_RANGE_LOOP_ANALYSIS = YES;
				CLANG_WARN_STRICT_PROTOTYPES = YES;
				CLANG_WARN_SUSPICIOUS_MOVE = YES;
				CLANG_WARN_UNGUARDED_AVAILABILITY = YES_AGGRESSIVE;
				CLANG_WARN_UNREACHABLE_CODE = YES;
				CLANG_WARN__DUPLICATE_METHOD_MATCH = YES;
				CODE_SIGN_IDENTITY = "iPhone Developer";
				COPY_PHASE_STRIP = NO;
				DEBUG_INFORMATION_FORMAT = dwarf;
				ENABLE_STRICT_OBJC_MSGSEND = YES;
				ENABLE_TESTABILITY = YES;
				GCC_C_LANGUAGE_STANDARD = gnu11;
				GCC_DYNAMIC_NO_PIC = NO;
				GCC_NO_COMMON_BLOCKS = YES;
				GCC_OPTIMIZATION_LEVEL = 0;
				GCC_PREPROCESSOR_DEFINITIONS = (
					"DEBUG=1",
					"$(inherited)",
				);
				GCC_WARN_64_TO_32_BIT_CONVERSION = YES;
				GCC_WARN_ABOUT_RETURN_TYPE = YES_ERROR;
				GCC_WARN_UNDECLARED_SELECTOR = YES;
				GCC_WARN_UNINITIALIZED_AUTOS = YES_AGGRESSIVE;
				GCC_WARN_UNUSED_FUNCTION = YES;
				GCC_WARN_UNUSED_VARIABLE = YES;
				IPHONEOS_DEPLOYMENT_TARGET = 12.0;
				MTL_ENABLE_DEBUG_INFO = INCLUDE_SOURCE;
				MTL_FAST_MATH = YES;
				ONLY_ACTIVE_ARCH = YES;
				SDKROOT = iphoneos;
				SWIFT_ACTIVE_COMPILATION_CONDITIONS = DEBUG;
				SWIFT_OPTIMIZATION_LEVEL = "-Onone";
			};
			name = Debug;
		};
		EAFB95E2217031C700D551D8 /* Release */ = {
			isa = XCBuildConfiguration;
			buildSettings = {
				ALWAYS_SEARCH_USER_PATHS = NO;
				CLANG_ANALYZER_NONNULL = YES;
				CLANG_ANALYZER_NUMBER_OBJECT_CONVERSION = YES_AGGRESSIVE;
				CLANG_CXX_LANGUAGE_STANDARD = "gnu++14";
				CLANG_CXX_LIBRARY = "libc++";
				CLANG_ENABLE_MODULES = YES;
				CLANG_ENABLE_OBJC_ARC = YES;
				CLANG_ENABLE_OBJC_WEAK = YES;
				CLANG_WARN_BLOCK_CAPTURE_AUTORELEASING = YES;
				CLANG_WARN_BOOL_CONVERSION = YES;
				CLANG_WARN_COMMA = YES;
				CLANG_WARN_CONSTANT_CONVERSION = YES;
				CLANG_WARN_DEPRECATED_OBJC_IMPLEMENTATIONS = YES;
				CLANG_WARN_DIRECT_OBJC_ISA_USAGE = YES_ERROR;
				CLANG_WARN_DOCUMENTATION_COMMENTS = YES;
				CLANG_WARN_EMPTY_BODY = YES;
				CLANG_WARN_ENUM_CONVERSION = YES;
				CLANG_WARN_INFINITE_RECURSION = YES;
				CLANG_WARN_INT_CONVERSION = YES;
				CLANG_WARN_NON_LITERAL_NULL_CONVERSION = YES;
				CLANG_WARN_OBJC_IMPLICIT_RETAIN_SELF = YES;
				CLANG_WARN_OBJC_LITERAL_CONVERSION = YES;
				CLANG_WARN_OBJC_ROOT_CLASS = YES_ERROR;
				CLANG_WARN_RANGE_LOOP_ANALYSIS = YES;
				CLANG_WARN_STRICT_PROTOTYPES = YES;
				CLANG_WARN_SUSPICIOUS_MOVE = YES;
				CLANG_WARN_UNGUARDED_AVAILABILITY = YES_AGGRESSIVE;
				CLANG_WARN_UNREACHABLE_CODE = YES;
				CLANG_WARN__DUPLICATE_METHOD_MATCH = YES;
				CODE_SIGN_IDENTITY = "iPhone Developer";
				COPY_PHASE_STRIP = NO;
				DEBUG_INFORMATION_FORMAT = "dwarf-with-dsym";
				ENABLE_NS_ASSERTIONS = NO;
				ENABLE_STRICT_OBJC_MSGSEND = YES;
				GCC_C_LANGUAGE_STANDARD = gnu11;
				GCC_NO_COMMON_BLOCKS = YES;
				GCC_WARN_64_TO_32_BIT_CONVERSION = YES;
				GCC_WARN_ABOUT_RETURN_TYPE = YES_ERROR;
				GCC_WARN_UNDECLARED_SELECTOR = YES;
				GCC_WARN_UNINITIALIZED_AUTOS = YES_AGGRESSIVE;
				GCC_WARN_UNUSED_FUNCTION = YES;
				GCC_WARN_UNUSED_VARIABLE = YES;
				IPHONEOS_DEPLOYMENT_TARGET = 12.0;
				MTL_ENABLE_DEBUG_INFO = NO;
				MTL_FAST_MATH = YES;
				SDKROOT = iphoneos;
				SWIFT_COMPILATION_MODE = wholemodule;
				SWIFT_OPTIMIZATION_LEVEL = "-O";
				VALIDATE_PRODUCT = YES;
			};
			name = Release;
		};
		EAFB95E4217031C700D551D8 /* Debug */ = {
			isa = XCBuildConfiguration;
			baseConfigurationReference = 21343A50AA4CE58ACEC0BC14 /* Pods-FirmField.debug.xcconfig */;
			buildSettings = {
				ASSETCATALOG_COMPILER_APPICON_NAME = AppIcon;
				CODE_SIGN_STYLE = Automatic;
				DEVELOPMENT_TEAM = BD4MBSH943;
				INFOPLIST_FILE = FirmField/Info.plist;
				LD_RUNPATH_SEARCH_PATHS = (
					"$(inherited)",
					"@executable_path/Frameworks",
				);
				PRODUCT_BUNDLE_IDENTIFIER = RenruiLiu.FirmField;
				PRODUCT_NAME = "$(TARGET_NAME)";
				SWIFT_VERSION = 4.2;
				TARGETED_DEVICE_FAMILY = "1,2";
			};
			name = Debug;
		};
		EAFB95E5217031C700D551D8 /* Release */ = {
			isa = XCBuildConfiguration;
			baseConfigurationReference = 238C696B04D4D2F27E7FDC64 /* Pods-FirmField.release.xcconfig */;
			buildSettings = {
				ASSETCATALOG_COMPILER_APPICON_NAME = AppIcon;
				CODE_SIGN_STYLE = Automatic;
				DEVELOPMENT_TEAM = BD4MBSH943;
				INFOPLIST_FILE = FirmField/Info.plist;
				LD_RUNPATH_SEARCH_PATHS = (
					"$(inherited)",
					"@executable_path/Frameworks",
				);
				PRODUCT_BUNDLE_IDENTIFIER = RenruiLiu.FirmField;
				PRODUCT_NAME = "$(TARGET_NAME)";
				SWIFT_VERSION = 4.2;
				TARGETED_DEVICE_FAMILY = "1,2";
			};
			name = Release;
		};
/* End XCBuildConfiguration section */

/* Begin XCConfigurationList section */
		EAFB95CC217031C600D551D8 /* Build configuration list for PBXProject "FirmField" */ = {
			isa = XCConfigurationList;
			buildConfigurations = (
				EAFB95E1217031C700D551D8 /* Debug */,
				EAFB95E2217031C700D551D8 /* Release */,
			);
			defaultConfigurationIsVisible = 0;
			defaultConfigurationName = Release;
		};
		EAFB95E3217031C700D551D8 /* Build configuration list for PBXNativeTarget "FirmField" */ = {
			isa = XCConfigurationList;
			buildConfigurations = (
				EAFB95E4217031C700D551D8 /* Debug */,
				EAFB95E5217031C700D551D8 /* Release */,
			);
			defaultConfigurationIsVisible = 0;
			defaultConfigurationName = Release;
		};
/* End XCConfigurationList section */

/* Begin XCVersionGroup section */
		EAFB71FB2170761500342C13 /* FirmModels.xcdatamodeld */ = {
			isa = XCVersionGroup;
			children = (
				EAFB71FC2170761500342C13 /* FirmModels.xcdatamodel */,
			);
			currentVersion = EAFB71FC2170761500342C13 /* FirmModels.xcdatamodel */;
			path = FirmModels.xcdatamodeld;
			sourceTree = "<group>";
			versionGroupType = wrapper.xcdatamodel;
		};
/* End XCVersionGroup section */
	};
	rootObject = EAFB95C9217031C600D551D8 /* Project object */;
}
